
Microsoft Visual Studio Solution File, Format Version 12.00
# Visual Studio Version 17
VisualStudioVersion = 17.7.34202.233
MinimumVisualStudioVersion = 10.0.40219.1
Project("{FAE04EC0-301F-11D3-BF4B-00C04F79EFBC}") = "Autorization", "Autorization\Autorization.csproj", "{7C561586-A742-4F2C-BAFB-462C0F5FCE26}"
EndProject
Project("{2150E333-8FDC-42A3-9474-1A3956D46DE8}") = "Элементы решения", "Элементы решения", "{7202EBF6-8FA4-49B1-93AC-EA4D5CA7B230}"
	ProjectSection(SolutionItems) = preProject
		margo.jpeg = margo.jpeg
	EndProjectSection
EndProject
Global
	GlobalSection(SolutionConfigurationPlatforms) = preSolution
		Debug|Any CPU = Debug|Any CPU
		Release|Any CPU = Release|Any CPU
	EndGlobalSection
	GlobalSection(ProjectConfigurationPlatforms) = postSolution
		{7C561586-A742-4F2C-BAFB-462C0F5FCE26}.Debug|Any CPU.ActiveCfg = Debug|Any CPU
		{7C561586-A742-4F2C-BAFB-462C0F5FCE26}.Debug|Any CPU.Build.0 = Debug|Any CPU
		{7C561586-A742-4F2C-BAFB-462C0F5FCE26}.Release|Any CPU.ActiveCfg = Release|Any CPU
		{7C561586-A742-4F2C-BAFB-462C0F5FCE26}.Release|Any CPU.Build.0 = Release|Any CPU
	EndGlobalSection
	GlobalSection(SolutionProperties) = preSolution
		HideSolutionNode = FALSE
	EndGlobalSection
	GlobalSection(ExtensibilityGlobals) = postSolution
		SolutionGuid = {E7440C19-B4E0-4142-A161-7B12A0654A8C}
	EndGlobalSection
EndGlobal
